
Microsoft Visual Studio Solution File, Format Version 12.00
# Visual Studio Version 17
VisualStudioVersion = 17.11.35303.130
MinimumVisualStudioVersion = 10.0.40219.1
Project("{8BC9CEB8-8B4A-11D0-8D11-00A0C91BC942}") = "LabAP7.3.it", "LabAP7.3.it\LabAP7.3.it.vcxproj", "{E015E721-388A-435E-A194-D8E1EDE77DB5}"
EndProject
Project("{8BC9CEB8-8B4A-11D0-8D11-00A0C91BC942}") = "UnitTest7.3.it", "UnitTest7.3.it\UnitTest7.3.it.vcxproj", "{FAE8D7C4-A04C-4F73-858D-C4B48D907CF7}"
EndProject
Global
	GlobalSection(SolutionConfigurationPlatforms) = preSolution
		Debug|x64 = Debug|x64
		Debug|x86 = Debug|x86
		Release|x64 = Release|x64
		Release|x86 = Release|x86
	EndGlobalSection
	GlobalSection(ProjectConfigurationPlatforms) = postSolution
		{E015E721-388A-435E-A194-D8E1EDE77DB5}.Debug|x64.ActiveCfg = Debug|x64
		{E015E721-388A-435E-A194-D8E1EDE77DB5}.Debug|x64.Build.0 = Debug|x64
		{E015E721-388A-435E-A194-D8E1EDE77DB5}.Debug|x86.ActiveCfg = Debug|Win32
		{E015E721-388A-435E-A194-D8E1EDE77DB5}.Debug|x86.Build.0 = Debug|Win32
		{E015E721-388A-435E-A194-D8E1EDE77DB5}.Release|x64.ActiveCfg = Release|x64
		{E015E721-388A-435E-A194-D8E1EDE77DB5}.Release|x64.Build.0 = Release|x64
		{E015E721-388A-435E-A194-D8E1EDE77DB5}.Release|x86.ActiveCfg = Release|Win32
		{E015E721-388A-435E-A194-D8E1EDE77DB5}.Release|x86.Build.0 = Release|Win32
		{FAE8D7C4-A04C-4F73-858D-C4B48D907CF7}.Debug|x64.ActiveCfg = Debug|x64
		{FAE8D7C4-A04C-4F73-858D-C4B48D907CF7}.Debug|x64.Build.0 = Debug|x64
		{FAE8D7C4-A04C-4F73-858D-C4B48D907CF7}.Debug|x86.ActiveCfg = Debug|Win32
		{FAE8D7C4-A04C-4F73-858D-C4B48D907CF7}.Debug|x86.Build.0 = Debug|Win32
		{FAE8D7C4-A04C-4F73-858D-C4B48D907CF7}.Release|x64.ActiveCfg = Release|x64
		{FAE8D7C4-A04C-4F73-858D-C4B48D907CF7}.Release|x64.Build.0 = Release|x64
		{FAE8D7C4-A04C-4F73-858D-C4B48D907CF7}.Release|x86.ActiveCfg = Release|Win32
		{FAE8D7C4-A04C-4F73-858D-C4B48D907CF7}.Release|x86.Build.0 = Release|Win32
	EndGlobalSection
	GlobalSection(SolutionProperties) = preSolution
		HideSolutionNode = FALSE
	EndGlobalSection
	GlobalSection(ExtensibilityGlobals) = postSolution
		SolutionGuid = {53CD8C05-66AD-45AA-851E-969634B468E2}
	EndGlobalSection
EndGlobal
